schema_version: 1
reviewed_at: "2026-07-22"

deployment:
  image_mode: official-mounted
  tooling_volume_schema: 1

sources:
  hermes_agent:
    repository: https://github.com/NousResearch/hermes-agent.git
    release_tag: v2026.7.20
    revision: 3ef6bbd201263d354fd83ec55b3c306ded2eb72a
    docker_image: nousresearch/hermes-agent:v2026.7.20
    minimum_version: 0.19.0
    config_version: 33
  gitlab_official_skills:
    repository: https://gitlab.com/gitlab-org/ai/skills.git
    revision: 933cee89fbbec511241cae0914e5112feda29ab2
    cli_version: 1.108.0
    selected:
      - path: skills/glab
        name: glab
        version: 1.11.0
  lark_cli_official_skills:
    repository: https://github.com/larksuite/cli.git
    revision: d6cebd6723eb80e9e5761d34ccea9ab71e2f5a8d
    cli_version: 1.0.72
    selected:
      - path: skills/lark-shared
        name: lark-shared
        version: 1.0.0
      - path: skills/lark-im
        name: lark-im
        version: 1.0.0
    deliberately_not_loaded:
      - path: skills/lark-event
        reason: Hermes native Feishu gateway is the only inbound IM consumer
